
Microsoft Visual Studio Solution File, Format Version 12.00
# Visual Studio Version 17
VisualStudioVersion = 17.10.35027.167
MinimumVisualStudioVersion = 10.0.40219.1
Project("{FAE04EC0-301F-11D3-BF4B-00C04F79EFBC}") = "Cellular Automaton Noob Edition", "Cellular Automaton Noob Edition.csproj", "{F61D0D85-9F97-4191-A1DF-B0E9DDD7C523}"
EndProject
Global
	GlobalSection(SolutionConfigurationPlatforms) = preSolution
		Debug|Any CPU = Debug|Any CPU
		Release|Any CPU = Release|Any CPU
	EndGlobalSection
	GlobalSection(ProjectConfigurationPlatforms) = postSolution
		{F61D0D85-9F97-4191-A1DF-B0E9DDD7C523}.Debug|Any CPU.ActiveCfg = Debug|Any CPU
		{F61D0D85-9F97-4191-A1DF-B0E9DDD7C523}.Debug|Any CPU.Build.0 = Debug|Any CPU
		{F61D0D85-9F97-4191-A1DF-B0E9DDD7C523}.Release|Any CPU.ActiveCfg = Release|Any CPU
		{F61D0D85-9F97-4191-A1DF-B0E9DDD7C523}.Release|Any CPU.Build.0 = Release|Any CPU
	EndGlobalSection
	GlobalSection(SolutionProperties) = preSolution
		HideSolutionNode = FALSE
	EndGlobalSection
	GlobalSection(ExtensibilityGlobals) = postSolution
		SolutionGuid = {69E984C0-0EBF-43DD-9FB9-D11E97856C2A}
	EndGlobalSection
EndGlobal
